<?xml version="1.0" encoding="UTF-8" standalone="yes" ?>
<CodeBlocks_project_file>
	<FileVersion major="1" minor="6" />
	<Project>
		<Option title="BudgetKeeper" />
		<Option pch_mode="2" />
		<Option compiler="gcc" />
		<Build>
			<Target title="Debug">
				<Option output="bin/Debug/BudgetKeeper" prefix_auto="1" extension_auto="1" />
				<Option object_output="obj/Debug/" />
				<Option type="1" />
				<Option compiler="gcc" />
				<Compiler>
					<Add option="-g" />
				</Compiler>
			</Target>
			<Target title="Release">
				<Option output="bin/Release/BudgetKeeper" prefix_auto="1" extension_auto="1" />
				<Option object_output="obj/Release/" />
				<Option type="1" />
				<Option compiler="gcc" />
				<Compiler>
					<Add option="-O2" />
				</Compiler>
				<Linker>
					<Add option="-s" />
				</Linker>
			</Target>
		</Build>
		<Compiler>
			<Add option="-Wall" />
			<Add option="-fexceptions" />
		</Compiler>
		<Unit filename="BudgetKeeper.cpp" />
		<Unit filename="BudgetKeeper.h" />
		<Unit filename="DatesManager.cpp" />
		<Unit filename="DatesManager.h" />
		<Unit filename="FileWithMoney.cpp" />
		<Unit filename="FileWithMoney.h" />
		<Unit filename="FileWithUsers.cpp" />
		<Unit filename="FileWithUsers.h" />
		<Unit filename="HelpingMethodes.cpp" />
		<Unit filename="HelpingMethodes.h" />
		<Unit filename="Markup.cpp" />
		<Unit filename="Markup.h" />
		<Unit filename="Money.cpp" />
		<Unit filename="Money.h" />
		<Unit filename="MoneyManager.cpp" />
		<Unit filename="MoneyManager.h" />
		<Unit filename="UserManager.cpp" />
		<Unit filename="UserManager.h" />
		<Unit filename="Users.cpp" />
		<Unit filename="Users.h" />
		<Unit filename="main.cpp" />
		<Extensions />
	</Project>
</CodeBlocks_project_file>
